
Microsoft Visual Studio Solution File, Format Version 12.00
# Visual Studio Version 16
VisualStudioVersion = 16.0.29123.88
MinimumVisualStudioVersion = 10.0.40219.1
Project("{FAE04EC0-301F-11D3-BF4B-00C04F79EFBC}") = "WebSocketClient", "WebSocketClient.csproj", "{1D88C5F0-5115-4E90-9B5E-A1D3B3EC973D}"
EndProject
Global
	GlobalSection(SolutionConfigurationPlatforms) = preSolution
		Debug|Any CPU = Debug|Any CPU
		Release|Any CPU = Release|Any CPU
	EndGlobalSection
	GlobalSection(ProjectConfigurationPlatforms) = postSolution
		{1D88C5F0-5115-4E90-9B5E-A1D3B3EC973D}.Debug|Any CPU.ActiveCfg = Debug|Any CPU
		{1D88C5F0-5115-4E90-9B5E-A1D3B3EC973D}.Debug|Any CPU.Build.0 = Debug|Any CPU
		{1D88C5F0-5115-4E90-9B5E-A1D3B3EC973D}.Release|Any CPU.ActiveCfg = Release|Any CPU
		{1D88C5F0-5115-4E90-9B5E-A1D3B3EC973D}.Release|Any CPU.Build.0 = Release|Any CPU
	EndGlobalSection
	GlobalSection(SolutionProperties) = preSolution
		HideSolutionNode = FALSE
	EndGlobalSection
	GlobalSection(ExtensibilityGlobals) = postSolution
		SolutionGuid = {62EC396C-0D43-4377-AA29-8882A8E89568}
	EndGlobalSection
EndGlobal
